
Microsoft Visual Studio Solution File, Format Version 12.00
# Visual Studio Version 17
VisualStudioVersion = 17.4.33122.133
MinimumVisualStudioVersion = 10.0.40219.1
Project("{9A19103F-16F7-4668-BE54-9A1E7A4F7556}") = "Twitter-Sentiments", "Twitter-Sentiments\Twitter-Sentiments.csproj", "{02765241-9A58-4DE8-9B50-B959371354B2}"
EndProject
Project("{9A19103F-16F7-4668-BE54-9A1E7A4F7556}") = "Twitter-Sentiments.Tests", "Twitter-Sentiments.Tests\Twitter-Sentiments.Tests.csproj", "{5788C7F0-DDE2-45BA-A3E8-B27755702FE0}"
EndProject
Project("{FAE04EC0-301F-11D3-BF4B-00C04F79EFBC}") = "Tweet-Publisher-Api", "Tweet-Publisher-Api\Tweet-Publisher-Api.csproj", "{7683661D-58AC-4E98-A7E3-C3D689923ACF}"
EndProject
Project("{FAE04EC0-301F-11D3-BF4B-00C04F79EFBC}") = "Tweet-Count-Subscriber-API", "Tweet-Count-Subscriber-API\Tweet-Count-Subscriber-API.csproj", "{87A1CD34-C442-4730-8E00-2F919E104307}"
EndProject
Project("{FAE04EC0-301F-11D3-BF4B-00C04F79EFBC}") = "Tweet-Hashtag-Count-Subscriber-API", "Tweet-Hashtag-Count-Subscriber-API\Tweet-Hashtag-Count-Subscriber-API.csproj", "{7A235430-C86E-49D3-A300-49076A68BA4B}"
EndProject
Global
	GlobalSection(SolutionConfigurationPlatforms) = preSolution
		Debug|Any CPU = Debug|Any CPU
		Release|Any CPU = Release|Any CPU
	EndGlobalSection
	GlobalSection(ProjectConfigurationPlatforms) = postSolution
		{02765241-9A58-4DE8-9B50-B959371354B2}.Debug|Any CPU.ActiveCfg = Debug|Any CPU
		{02765241-9A58-4DE8-9B50-B959371354B2}.Debug|Any CPU.Build.0 = Debug|Any CPU
		{02765241-9A58-4DE8-9B50-B959371354B2}.Release|Any CPU.ActiveCfg = Release|Any CPU
		{02765241-9A58-4DE8-9B50-B959371354B2}.Release|Any CPU.Build.0 = Release|Any CPU
		{5788C7F0-DDE2-45BA-A3E8-B27755702FE0}.Debug|Any CPU.ActiveCfg = Debug|Any CPU
		{5788C7F0-DDE2-45BA-A3E8-B27755702FE0}.Debug|Any CPU.Build.0 = Debug|Any CPU
		{5788C7F0-DDE2-45BA-A3E8-B27755702FE0}.Release|Any CPU.ActiveCfg = Release|Any CPU
		{5788C7F0-DDE2-45BA-A3E8-B27755702FE0}.Release|Any CPU.Build.0 = Release|Any CPU
		{7683661D-58AC-4E98-A7E3-C3D689923ACF}.Debug|Any CPU.ActiveCfg = Debug|Any CPU
		{7683661D-58AC-4E98-A7E3-C3D689923ACF}.Debug|Any CPU.Build.0 = Debug|Any CPU
		{7683661D-58AC-4E98-A7E3-C3D689923ACF}.Release|Any CPU.ActiveCfg = Release|Any CPU
		{7683661D-58AC-4E98-A7E3-C3D689923ACF}.Release|Any CPU.Build.0 = Release|Any CPU
		{87A1CD34-C442-4730-8E00-2F919E104307}.Debug|Any CPU.ActiveCfg = Debug|Any CPU
		{87A1CD34-C442-4730-8E00-2F919E104307}.Debug|Any CPU.Build.0 = Debug|Any CPU
		{87A1CD34-C442-4730-8E00-2F919E104307}.Release|Any CPU.ActiveCfg = Release|Any CPU
		{87A1CD34-C442-4730-8E00-2F919E104307}.Release|Any CPU.Build.0 = Release|Any CPU
		{7A235430-C86E-49D3-A300-49076A68BA4B}.Debug|Any CPU.ActiveCfg = Debug|Any CPU
		{7A235430-C86E-49D3-A300-49076A68BA4B}.Debug|Any CPU.Build.0 = Debug|Any CPU
		{7A235430-C86E-49D3-A300-49076A68BA4B}.Release|Any CPU.ActiveCfg = Release|Any CPU
		{7A235430-C86E-49D3-A300-49076A68BA4B}.Release|Any CPU.Build.0 = Release|Any CPU
	EndGlobalSection
	GlobalSection(SolutionProperties) = preSolution
		HideSolutionNode = FALSE
	EndGlobalSection
	GlobalSection(ExtensibilityGlobals) = postSolution
		SolutionGuid = {95FACCC3-ECF5-43D2-B409-891A053B5D63}
	EndGlobalSection
EndGlobal
